
Microsoft Visual Studio Solution File, Format Version 12.00
# Visual Studio Version 17
VisualStudioVersion = 17.5.002.0
MinimumVisualStudioVersion = 10.0.40219.1
Project("{9A19103F-16F7-4668-BE54-9A1E7A4F7556}") = "Leet", "Leet.csproj", "{9DE69DF5-F319-476D-A79C-F1A29E961B84}"
EndProject
Global
	GlobalSection(SolutionConfigurationPlatforms) = preSolution
		Debug|Any CPU = Debug|Any CPU
		Release|Any CPU = Release|Any CPU
	EndGlobalSection
	GlobalSection(ProjectConfigurationPlatforms) = postSolution
		{9DE69DF5-F319-476D-A79C-F1A29E961B84}.Debug|Any CPU.ActiveCfg = Debug|Any CPU
		{9DE69DF5-F319-476D-A79C-F1A29E961B84}.Debug|Any CPU.Build.0 = Debug|Any CPU
		{9DE69DF5-F319-476D-A79C-F1A29E961B84}.Release|Any CPU.ActiveCfg = Release|Any CPU
		{9DE69DF5-F319-476D-A79C-F1A29E961B84}.Release|Any CPU.Build.0 = Release|Any CPU
	EndGlobalSection
	GlobalSection(SolutionProperties) = preSolution
		HideSolutionNode = FALSE
	EndGlobalSection
	GlobalSection(ExtensibilityGlobals) = postSolution
		SolutionGuid = {910A2D37-65B4-4678-94FA-CAB80BA5F2EF}
	EndGlobalSection
EndGlobal
